<?xml version="1.0" encoding="utf-8"?>
<Project ToolsVersion="4.0" xmlns="http://schemas.microsoft.com/developer/msbuild/2003">
  <ItemGroup>
    <Filter Include="include">
      <UniqueIdentifier>{d46cbb61-fad7-4535-b812-2ff8998087bf}</UniqueIdentifier>
    </Filter>
    <Filter Include="src">
      <UniqueIdentifier>{6d792fc2-be2f-4b90-a4e0-d9490d427b76}</UniqueIdentifier>
    </Filter>
  </ItemGroup>
  <ItemGroup>
    <ClInclude Include="include\App.h">
      <Filter>include</Filter>
    </ClInclude>
    <ClInclude Include="include\AppConfig.h">
      <Filter>include</Filter>
    </ClInclude>
    <ClInclude Include="include\Config.h">
      <Filter>include</Filter>
    </ClInclude>
    <ClInclude Include="include\FrameType.h">
      <Filter>include</Filter>
    </ClInclude>
    <ClInclude Include="include\ImageLoader.h">
      <Filter>include</Filter>
    </ClInclude>
    <ClInclude Include="include\PhotoSlot.h">
      <Filter>include</Filter>
    </ClInclude>
    <ClInclude Include="include\SlotConfig.h">
      <Filter>include</Filter>
    </ClInclude>
  </ItemGroup>
  <ItemGroup>
    <ClCompile Include="src\App.cpp">
      <Filter>src</Filter>
    </ClCompile>
    <ClCompile Include="src\Config.cpp">
      <Filter>src</Filter>
    </ClCompile>
    <ClCompile Include="src\ImageLoader.cpp">
      <Filter>src</Filter>
    </ClCompile>
    <ClCompile Include="src\main.cpp">
      <Filter>src</Filter>
    </ClCompile>
    <ClCompile Include="src\PhotoSlot.cpp">
      <Filter>src</Filter>
    </ClCompile>
  </ItemGroup>
</Project>